
Microsoft Visual Studio Solution File, Format Version 12.00
Project("{FAE04EC0-301F-11D3-BF4B-00C04F79EFBC}") = "Uchu.Tool", "Uchu.Tool\Uchu.Tool.csproj", "{2A719A5D-191F-47C2-A790-9A72828E057F}"
EndProject
Global
	GlobalSection(SolutionConfigurationPlatforms) = preSolution
		Debug|Any CPU = Debug|Any CPU
		Release|Any CPU = Release|Any CPU
	EndGlobalSection
	GlobalSection(ProjectConfigurationPlatforms) = postSolution
		{2A719A5D-191F-47C2-A790-9A72828E057F}.Debug|Any CPU.ActiveCfg = Debug|Any CPU
		{2A719A5D-191F-47C2-A790-9A72828E057F}.Debug|Any CPU.Build.0 = Debug|Any CPU
		{2A719A5D-191F-47C2-A790-9A72828E057F}.Release|Any CPU.ActiveCfg = Release|Any CPU
		{2A719A5D-191F-47C2-A790-9A72828E057F}.Release|Any CPU.Build.0 = Release|Any CPU
	EndGlobalSection
EndGlobal
